// !$*UTF8*$!
{
	archiveVersion = 1;
	classes = {
	};
	objectVersion = 56;
	objects = {

/* Begin PBXBuildFile section */
		CF22A0A22C6FB69B000FDA12 /* New_Habit_TrackingApp.swift in Sources */ = {isa = PBXBuildFile; fileRef = CF22A0A12C6FB69B000FDA12 /* New_Habit_TrackingApp.swift */; };
		CF22A0A42C6FB69B000FDA12 /* ContentView.swift in Sources */ = {isa = PBXBuildFile; fileRef = CF22A0A32C6FB69B000FDA12 /* ContentView.swift */; };
		CF22A0A62C6FB69C000FDA12 /* Assets.xcassets in Resources */ = {isa = PBXBuildFile; fileRef = CF22A0A52C6FB69C000FDA12 /* Assets.xcassets */; };
		CF22A0A92C6FB69C000FDA12 /* Preview Assets.xcassets in Resources */ = {isa = PBXBuildFile; fileRef = CF22A0A82C6FB69C000FDA12 /* Preview Assets.xcassets */; };
		CF22A0B32C6FB69C000FDA12 /* New_Habit_TrackingTests.swift in Sources */ = {isa = PBXBuildFile; fileRef = CF22A0B22C6FB69C000FDA12 /* New_Habit_TrackingTests.swift */; };
		CF22A0BD2C6FB69C000FDA12 /* New_Habit_TrackingUITests.swift in Sources */ = {isa = PBXBuildFile; fileRef = CF22A0BC2C6FB69C000FDA12 /* New_Habit_TrackingUITests.swift */; };
		CF22A0BF2C6FB69C000FDA12 /* New_Habit_TrackingUITestsLaunchTests.swift in Sources */ = {isa = PBXBuildFile; fileRef = CF22A0BE2C6FB69C000FDA12 /* New_Habit_TrackingUITestsLaunchTests.swift */; };
/* End PBXBuildFile section */

/* Begin PBXContainerItemProxy section */
		CF22A0AF2C6FB69C000FDA12 /* PBXContainerItemProxy */ = {
			isa = PBXContainerItemProxy;
			containerPortal = CF22A0962C6FB69B000FDA12 /* Project object */;
			proxyType = 1;
			remoteGlobalIDString = CF22A09D2C6FB69B000FDA12;
			remoteInfo = "New Habit Tracking";
		};
		CF22A0B92C6FB69C000FDA12 /* PBXContainerItemProxy */ = {
			isa = PBXContainerItemProxy;
			containerPortal = CF22A0962C6FB69B000FDA12 /* Project object */;
			proxyType = 1;
			remoteGlobalIDString = CF22A09D2C6FB69B000FDA12;
			remoteInfo = "New Habit Tracking";
		};
/* End PBXContainerItemProxy section */

/* Begin PBXFileReference section */
		CF22A09E2C6FB69B000FDA12 /* New Habit Tracking.app */ = {isa = PBXFileReference; explicitFileType = wrapper.application; includeInIndex = 0; path = "New Habit Tracking.app"; sourceTree = BUILT_PRODUCTS_DIR; };
		CF22A0A12C6FB69B000FDA12 /* New_Habit_TrackingApp.swift */ = {isa = PBXFileReference; lastKnownFileType = sourcecode.swift; path = New_Habit_TrackingApp.swift; sourceTree = "<group>"; };
		CF22A0A32C6FB69B000FDA12 /* ContentView.swift */ = {isa = PBXFileReference; lastKnownFileType = sourcecode.swift; path = ContentView.swift; sourceTree = "<group>"; };
		CF22A0A52C6FB69C000FDA12 /* Assets.xcassets */ = {isa = PBXFileReference; lastKnownFileType = folder.assetcatalog; path = Assets.xcassets; sourceTree = "<group>"; };
		CF22A0A82C6FB69C000FDA12 /* Preview Assets.xcassets */ = {isa = PBXFileReference; lastKnownFileType = folder.assetcatalog; path = "Preview Assets.xcassets"; sourceTree = "<group>"; };
		CF22A0AE2C6FB69C000FDA12 /* New Habit TrackingTests.xctest */ = {isa = PBXFileReference; explicitFileType = wrapper.cfbundle; includeInIndex = 0; path = "New Habit TrackingTests.xctest"; sourceTree = BUILT_PRODUCTS_DIR; };
		CF22A0B22C6FB69C000FDA12 /* New_Habit_TrackingTests.swift */ = {isa = PBXFileReference; lastKnownFileType = sourcecode.swift; path = New_Habit_TrackingTests.swift; sourceTree = "<group>"; };
		CF22A0B82C6FB69C000FDA12 /* New Habit TrackingUITests.xctest */ = {isa = PBXFileReference; explicitFileType = wrapper.cfbundle; includeInIndex = 0; path = "New Habit TrackingUITests.xctest"; sourceTree = BUILT_PRODUCTS_DIR; };
		CF22A0BC2C6FB69C000FDA12 /* New_Habit_TrackingUITests.swift */ = {isa = PBXFileReference; lastKnownFileType = sourcecode.swift; path = New_Habit_TrackingUITests.swift; sourceTree = "<group>"; };
		CF22A0BE2C6FB69C000FDA12 /* New_Habit_TrackingUITestsLaunchTests.swift */ = {isa = PBXFileReference; lastKnownFileType = sourcecode.swift; path = New_Habit_TrackingUITestsLaunchTests.swift; sourceTree = "<group>"; };
/* End PBXFileReference section */

/* Begin PBXFrameworksBuildPhase section */
		CF22A09B2C6FB69B000FDA12 /* Frameworks */ = {
			isa = PBXFrameworksBuildPhase;
			buildActionMask = 2147483647;
			files = (
			);
			runOnlyForDeploymentPostprocessing = 0;
		};
		CF22A0AB2C6FB69C000FDA12 /* Frameworks */ = {
			isa = PBXFrameworksBuildPhase;
			buildActionMask = 2147483647;
			files = (
			);
			runOnlyForDeploymentPostprocessing = 0;
		};
		CF22A0B52C6FB69C000FDA12 /* Frameworks */ = {
			isa = PBXFrameworksBuildPhase;
			buildActionMask = 2147483647;
			files = (
			);
			runOnlyForDeploymentPostprocessing = 0;
		};
/* End PBXFrameworksBuildPhase section */

/* Begin PBXGroup section */
		CF22A0952C6FB69B000FDA12 = {
			isa = PBXGroup;
			children = (
				CF22A0A02C6FB69B000FDA12 /* New Habit Tracking */,
				CF22A0B12C6FB69C000FDA12 /* New Habit TrackingTests */,
				CF22A0BB2C6FB69C000FDA12 /* New Habit TrackingUITests */,
				CF22A09F2C6FB69B000FDA12 /* Products */,
			);
			sourceTree = "<group>";
		};
		CF22A09F2C6FB69B000FDA12 /* Products */ = {
			isa = PBXGroup;
			children = (
				CF22A09E2C6FB69B000FDA12 /* New Habit Tracking.app */,
				CF22A0AE2C6FB69C000FDA12 /* New Habit TrackingTests.xctest */,
				CF22A0B82C6FB69C000FDA12 /* New Habit TrackingUITests.xctest */,
			);
			name = Products;
			sourceTree = "<group>";
		};
		CF22A0A02C6FB69B000FDA12 /* New Habit Tracking */ = {
			isa = PBXGroup;
			children = (
				CF22A0A12C6FB69B000FDA12 /* New_Habit_TrackingApp.swift */,
				CF22A0A32C6FB69B000FDA12 /* ContentView.swift */,
				CF22A0A52C6FB69C000FDA12 /* Assets.xcassets */,
				CF22A0A72C6FB69C000FDA12 /* Preview Content */,
			);
			path = "New Habit Tracking";
			sourceTree = "<group>";
		};
		CF22A0A72C6FB69C000FDA12 /* Preview Content */ = {
			isa = PBXGroup;
			children = (
				CF22A0A82C6FB69C000FDA12 /* Preview Assets.xcassets */,
			);
			path = "Preview Content";
			sourceTree = "<group>";
		};
		CF22A0B12C6FB69C000FDA12 /* New Habit TrackingTests */ = {
			isa = PBXGroup;
			children = (
				CF22A0B22C6FB69C000FDA12 /* New_Habit_TrackingTests.swift */,
			);
			path = "New Habit TrackingTests";
			sourceTree = "<group>";
		};
		CF22A0BB2C6FB69C000FDA12 /* New Habit TrackingUITests */ = {
			isa = PBXGroup;
			children = (
				CF22A0BC2C6FB69C000FDA12 /* New_Habit_TrackingUITests.swift */,
				CF22A0BE2C6FB69C000FDA12 /* New_Habit_TrackingUITestsLaunchTests.swift */,
			);
			path = "New Habit TrackingUITests";
			sourceTree = "<group>";
		};
/* End PBXGroup section */

/* Begin PBXNativeTarget section */
		CF22A09D2C6FB69B000FDA12 /* New Habit Tracking */ = {
			isa = PBXNativeTarget;
			buildConfigurationList = CF22A0C22C6FB69C000FDA12 /* Build configuration list for PBXNativeTarget "New Habit Tracking" */;
			buildPhases = (
				CF22A09A2C6FB69B000FDA12 /* Sources */,
				CF22A09B2C6FB69B000FDA12 /* Frameworks */,
				CF22A09C2C6FB69B000FDA12 /* Resources */,
			);
			buildRules = (
			);
			dependencies = (
			);
			name = "New Habit Tracking";
			productName = "New Habit Tracking";
			productReference = CF22A09E2C6FB69B000FDA12 /* New Habit Tracking.app */;
			productType = "com.apple.product-type.application";
		};
		CF22A0AD2C6FB69C000FDA12 /* New Habit TrackingTests */ = {
			isa = PBXNativeTarget;
			buildConfigurationList = CF22A0C52C6FB69C000FDA12 /* Build configuration list for PBXNativeTarget "New Habit TrackingTests" */;
			buildPhases = (
				CF22A0AA2C6FB69C000FDA12 /* Sources */,
				CF22A0AB2C6FB69C000FDA12 /* Frameworks */,
				CF22A0AC2C6FB69C000FDA12 /* Resources */,
			);
			buildRules = (
			);
			dependencies = (
				CF22A0B02C6FB69C000FDA12 /* PBXTargetDependency */,
			);
			name = "New Habit TrackingTests";
			productName = "New Habit TrackingTests";
			productReference = CF22A0AE2C6FB69C000FDA12 /* New Habit TrackingTests.xctest */;
			productType = "com.apple.product-type.bundle.unit-test";
		};
		CF22A0B72C6FB69C000FDA12 /* New Habit TrackingUITests */ = {
			isa = PBXNativeTarget;
			buildConfigurationList = CF22A0C82C6FB69C000FDA12 /* Build configuration list for PBXNativeTarget "New Habit TrackingUITests" */;
			buildPhases = (
				CF22A0B42C6FB69C000FDA12 /* Sources */,
				CF22A0B52C6FB69C000FDA12 /* Frameworks */,
				CF22A0B62C6FB69C000FDA12 /* Resources */,
			);
			buildRules = (
			);
			dependencies = (
				CF22A0BA2C6FB69C000FDA12 /* PBXTargetDependency */,
			);
			name = "New Habit TrackingUITests";
			productName = "New Habit TrackingUITests";
			productReference = CF22A0B82C6FB69C000FDA12 /* New Habit TrackingUITests.xctest */;
			productType = "com.apple.product-type.bundle.ui-testing";
		};
/* End PBXNativeTarget section */

/* Begin PBXProject section */
		CF22A0962C6FB69B000FDA12 /* Project object */ = {
			isa = PBXProject;
			attributes = {
				BuildIndependentTargetsInParallel = 1;
				LastSwiftUpdateCheck = 1540;
				LastUpgradeCheck = 1540;
				TargetAttributes = {
					CF22A09D2C6FB69B000FDA12 = {
						CreatedOnToolsVersion = 15.4;
					};
					CF22A0AD2C6FB69C000FDA12 = {
						CreatedOnToolsVersion = 15.4;
						TestTargetID = CF22A09D2C6FB69B000FDA12;
					};
					CF22A0B72C6FB69C000FDA12 = {
						CreatedOnToolsVersion = 15.4;
						TestTargetID = CF22A09D2C6FB69B000FDA12;
					};
				};
			};
			buildConfigurationList = CF22A0992C6FB69B000FDA12 /* Build configuration list for PBXProject "New Habit Tracking" */;
			compatibilityVersion = "Xcode 14.0";
			developmentRegion = en;
			hasScannedForEncodings = 0;
			knownRegions = (
				en,
				Base,
			);
			mainGroup = CF22A0952C6FB69B000FDA12;
			productRefGroup = CF22A09F2C6FB69B000FDA12 /* Products */;
			projectDirPath = "";
			projectRoot = "";
			targets = (
				CF22A09D2C6FB69B000FDA12 /* New Habit Tracking */,
				CF22A0AD2C6FB69C000FDA12 /* New Habit TrackingTests */,
				CF22A0B72C6FB69C000FDA12 /* New Habit TrackingUITests */,
			);
		};
/* End PBXProject section */

/* Begin PBXResourcesBuildPhase section */
		CF22A09C2C6FB69B000FDA12 /* Resources */ = {
			isa = PBXResourcesBuildPhase;
			buildActionMask = 2147483647;
			files = (
				CF22A0A92C6FB69C000FDA12 /* Preview Assets.xcassets in Resources */,
				CF22A0A62C6FB69C000FDA12 /* Assets.xcassets in Resources */,
			);
			runOnlyForDeploymentPostprocessing = 0;
		};
		CF22A0AC2C6FB69C000FDA12 /* Resources */ = {
			isa = PBXResourcesBuildPhase;
			buildActionMask = 2147483647;
			files = (
			);
			runOnlyForDeploymentPostprocessing = 0;
		};
		CF22A0B62C6FB69C000FDA12 /* Resources */ = {
			isa = PBXResourcesBuildPhase;
			buildActionMask = 2147483647;
			files = (
			);
			runOnlyForDeploymentPostprocessing = 0;
		};
/* End PBXResourcesBuildPhase section */

/* Begin PBXSourcesBuildPhase section */
		CF22A09A2C6FB69B000FDA12 /* Sources */ = {
			isa = PBXSourcesBuildPhase;
			buildActionMask = 2147483647;
			files = (
				CF22A0A42C6FB69B000FDA12 /* ContentView.swift in Sources */,
				CF22A0A22C6FB69B000FDA12 /* New_Habit_TrackingApp.swift in Sources */,
			);
			runOnlyForDeploymentPostprocessing = 0;
		};
		CF22A0AA2C6FB69C000FDA12 /* Sources */ = {
			isa = PBXSourcesBuildPhase;
			buildActionMask = 2147483647;
			files = (
				CF22A0B32C6FB69C000FDA12 /* New_Habit_TrackingTests.swift in Sources */,
			);
			runOnlyForDeploymentPostprocessing = 0;
		};
		CF22A0B42C6FB69C000FDA12 /* Sources */ = {
			isa = PBXSourcesBuildPhase;
			buildActionMask = 2147483647;
			files = (
				CF22A0BD2C6FB69C000FDA12 /* New_Habit_TrackingUITests.swift in Sources */,
				CF22A0BF2C6FB69C000FDA12 /* New_Habit_TrackingUITestsLaunchTests.swift in Sources */,
			);
			runOnlyForDeploymentPostprocessing = 0;
		};
/* End PBXSourcesBuildPhase section */

/* Begin PBXTargetDependency section */
		CF22A0B02C6FB69C000FDA12 /* PBXTargetDependency */ = {
			isa = PBXTargetDependency;
			target = CF22A09D2C6FB69B000FDA12 /* New Habit Tracking */;
			targetProxy = CF22A0AF2C6FB69C000FDA12 /* PBXContainerItemProxy */;
		};
		CF22A0BA2C6FB69C000FDA12 /* PBXTargetDependency */ = {
			isa = PBXTargetDependency;
			target = CF22A09D2C6FB69B000FDA12 /* New Habit Tracking */;
			targetProxy = CF22A0B92C6FB69C000FDA12 /* PBXContainerItemProxy */;
		};
/* End PBXTargetDependency section */

/* Begin XCBuildConfiguration section */
		CF22A0C02C6FB69C000FDA12 /* Debug */ = {
			isa = XCBuildConfiguration;
			buildSettings = {
				ALWAYS_SEARCH_USER_PATHS = NO;
				ASSETCATALOG_COMPILER_GENERATE_SWIFT_ASSET_SYMBOL_EXTENSIONS = YES;
				CLANG_ANALYZER_NONNULL = YES;
				CLANG_ANALYZER_NUMBER_OBJECT_CONVERSION = YES_AGGRESSIVE;
				CLANG_CXX_LANGUAGE_STANDARD = "gnu++20";
				CLANG_ENABLE_MODULES = YES;
				CLANG_ENABLE_OBJC_ARC = YES;
				CLANG_ENABLE_OBJC_WEAK = YES;
				CLANG_WARN_BLOCK_CAPTURE_AUTORELEASING = YES;
				CLANG_WARN_BOOL_CONVERSION = YES;
				CLANG_WARN_COMMA = YES;
				CLANG_WARN_CONSTANT_CONVERSION = YES;
				CLANG_WARN_DEPRECATED_OBJC_IMPLEMENTATIONS = YES;
				CLANG_WARN_DIRECT_OBJC_ISA_USAGE = YES_ERROR;
				CLANG_WARN_DOCUMENTATION_COMMENTS = YES;
				CLANG_WARN_EMPTY_BODY = YES;
				CLANG_WARN_ENUM_CONVERSION = YES;
				CLANG_WARN_INFINITE_RECURSION = YES;
				CLANG_WARN_INT_CONVERSION = YES;
				CLANG_WARN_NON_LITERAL_NULL_CONVERSION = YES;
				CLANG_WARN_OBJC_IMPLICIT_RETAIN_SELF = YES;
				CLANG_WARN_OBJC_LITERAL_CONVERSION = YES;
				CLANG_WARN_OBJC_ROOT_CLASS = YES_ERROR;
				CLANG_WARN_QUOTED_INCLUDE_IN_FRAMEWORK_HEADER = YES;
				CLANG_WARN_RANGE_LOOP_ANALYSIS = YES;
				CLANG_WARN_STRICT_PROTOTYPES = YES;
				CLANG_WARN_SUSPICIOUS_MOVE = YES;
				CLANG_WARN_UNGUARDED_AVAILABILITY = YES_AGGRESSIVE;
				CLANG_WARN_UNREACHABLE_CODE = YES;
				CLANG_WARN__DUPLICATE_METHOD_MATCH = YES;
				COPY_PHASE_STRIP = NO;
				DEBUG_INFORMATION_FORMAT = dwarf;
				ENABLE_STRICT_OBJC_MSGSEND = YES;
				ENABLE_TESTABILITY = YES;
				ENABLE_USER_SCRIPT_SANDBOXING = YES;
				GCC_C_LANGUAGE_STANDARD = gnu17;
				GCC_DYNAMIC_NO_PIC = NO;
				GCC_NO_COMMON_BLOCKS = YES;
				GCC_OPTIMIZATION_LEVEL = 0;
				GCC_PREPROCESSOR_DEFINITIONS = (
					"DEBUG=1",
					"$(inherited)",
				);
				GCC_WARN_64_TO_32_BIT_CONVERSION = YES;
				GCC_WARN_ABOUT_RETURN_TYPE = YES_ERROR;
				GCC_WARN_UNDECLARED_SELECTOR = YES;
				GCC_WARN_UNINITIALIZED_AUTOS = YES_AGGRESSIVE;
				GCC_WARN_UNUSED_FUNCTION = YES;
				GCC_WARN_UNUSED_VARIABLE = YES;
				IPHONEOS_DEPLOYMENT_TARGET = 17.5;
				LOCALIZATION_PREFERS_STRING_CATALOGS = YES;
				MTL_ENABLE_DEBUG_INFO = INCLUDE_SOURCE;
				MTL_FAST_MATH = YES;
				ONLY_ACTIVE_ARCH = YES;
				SDKROOT = iphoneos;
				SWIFT_ACTIVE_COMPILATION_CONDITIONS = "DEBUG $(inherited)";
				SWIFT_OPTIMIZATION_LEVEL = "-Onone";
			};
			name = Debug;
		};
		CF22A0C12C6FB69C000FDA12 /* Release */ = {
			isa = XCBuildConfiguration;
			buildSettings = {
				ALWAYS_SEARCH_USER_PATHS = NO;
				ASSETCATALOG_COMPILER_GENERATE_SWIFT_ASSET_SYMBOL_EXTENSIONS = YES;
				CLANG_ANALYZER_NONNULL = YES;
				CLANG_ANALYZER_NUMBER_OBJECT_CONVERSION = YES_AGGRESSIVE;
				CLANG_CXX_LANGUAGE_STANDARD = "gnu++20";
				CLANG_ENABLE_MODULES = YES;
				CLANG_ENABLE_OBJC_ARC = YES;
				CLANG_ENABLE_OBJC_WEAK = YES;
				CLANG_WARN_BLOCK_CAPTURE_AUTORELEASING = YES;
				CLANG_WARN_BOOL_CONVERSION = YES;
				CLANG_WARN_COMMA = YES;
				CLANG_WARN_CONSTANT_CONVERSION = YES;
				CLANG_WARN_DEPRECATED_OBJC_IMPLEMENTATIONS = YES;
				CLANG_WARN_DIRECT_OBJC_ISA_USAGE = YES_ERROR;
				CLANG_WARN_DOCUMENTATION_COMMENTS = YES;
				CLANG_WARN_EMPTY_BODY = YES;
				CLANG_WARN_ENUM_CONVERSION = YES;
				CLANG_WARN_INFINITE_RECURSION = YES;
				CLANG_WARN_INT_CONVERSION = YES;
				CLANG_WARN_NON_LITERAL_NULL_CONVERSION = YES;
				CLANG_WARN_OBJC_IMPLICIT_RETAIN_SELF = YES;
				CLANG_WARN_OBJC_LITERAL_CONVERSION = YES;
				CLANG_WARN_OBJC_ROOT_CLASS = YES_ERROR;
				CLANG_WARN_QUOTED_INCLUDE_IN_FRAMEWORK_HEADER = YES;
				CLANG_WARN_RANGE_LOOP_ANALYSIS = YES;
				CLANG_WARN_STRICT_PROTOTYPES = YES;
				CLANG_WARN_SUSPICIOUS_MOVE = YES;
				CLANG_WARN_UNGUARDED_AVAILABILITY = YES_AGGRESSIVE;
				CLANG_WARN_UNREACHABLE_CODE = YES;
				CLANG_WARN__DUPLICATE_METHOD_MATCH = YES;
				COPY_PHASE_STRIP = NO;
				DEBUG_INFORMATION_FORMAT = "dwarf-with-dsym";
				ENABLE_NS_ASSERTIONS = NO;
				ENABLE_STRICT_OBJC_MSGSEND = YES;
				ENABLE_USER_SCRIPT_SANDBOXING = YES;
				GCC_C_LANGUAGE_STANDARD = gnu17;
				GCC_NO_COMMON_BLOCKS = YES;
				GCC_WARN_64_TO_32_BIT_CONVERSION = YES;
				GCC_WARN_ABOUT_RETURN_TYPE = YES_ERROR;
				GCC_WARN_UNDECLARED_SELECTOR = YES;
				GCC_WARN_UNINITIALIZED_AUTOS = YES_AGGRESSIVE;
				GCC_WARN_UNUSED_FUNCTION = YES;
				GCC_WARN_UNUSED_VARIABLE = YES;
				IPHONEOS_DEPLOYMENT_TARGET = 17.5;
				LOCALIZATION_PREFERS_STRING_CATALOGS = YES;
				MTL_ENABLE_DEBUG_INFO = NO;
				MTL_FAST_MATH = YES;
				SDKROOT = iphoneos;
				SWIFT_COMPILATION_MODE = wholemodule;
				VALIDATE_PRODUCT = YES;
			};
			name = Release;
		};
		CF22A0C32C6FB69C000FDA12 /* Debug */ = {
			isa = XCBuildConfiguration;
			buildSettings = {
				ASSETCATALOG_COMPILER_APPICON_NAME = AppIcon;
				ASSETCATALOG_COMPILER_GLOBAL_ACCENT_COLOR_NAME = AccentColor;
				CODE_SIGN_STYLE = Automatic;
				CURRENT_PROJECT_VERSION = 1;
				DEVELOPMENT_ASSET_PATHS = "\"New Habit Tracking/Preview Content\"";
				ENABLE_PREVIEWS = YES;
				GENERATE_INFOPLIST_FILE = YES;
				INFOPLIST_KEY_UIApplicationSceneManifest_Generation = YES;
				INFOPLIST_KEY_UIApplicationSupportsIndirectInputEvents = YES;
				INFOPLIST_KEY_UILaunchScreen_Generation = YES;
				INFOPLIST_KEY_UISupportedInterfaceOrientations_iPad = "UIInterfaceOrientationPortrait UIInterfaceOrientationPortraitUpsideDown UIInterfaceOrientationLandscapeLeft UIInterfaceOrientationLandscapeRight";
				INFOPLIST_KEY_UISupportedInterfaceOrientations_iPhone = "UIInterfaceOrientationPortrait UIInterfaceOrientationLandscapeLeft UIInterfaceOrientationLandscapeRight";
				LD_RUNPATH_SEARCH_PATHS = (
					"$(inherited)",
					"@executable_path/Frameworks",
				);
				MARKETING_VERSION = 1.0;
				PRODUCT_BUNDLE_IDENTIFIER = "bennett.New-Habit-Tracking";
				PRODUCT_NAME = "$(TARGET_NAME)";
				SWIFT_EMIT_LOC_STRINGS = YES;
				SWIFT_VERSION = 5.0;
				TARGETED_DEVICE_FAMILY = "1,2";
			};
			name = Debug;
		};
		CF22A0C42C6FB69C000FDA12 /* Release */ = {
			isa = XCBuildConfiguration;
			buildSettings = {
				ASSETCATALOG_COMPILER_APPICON_NAME = AppIcon;
				ASSETCATALOG_COMPILER_GLOBAL_ACCENT_COLOR_NAME = AccentColor;
				CODE_SIGN_STYLE = Automatic;
				CURRENT_PROJECT_VERSION = 1;
				DEVELOPMENT_ASSET_PATHS = "\"New Habit Tracking/Preview Content\"";
				ENABLE_PREVIEWS = YES;
				GENERATE_INFOPLIST_FILE = YES;
				INFOPLIST_KEY_UIApplicationSceneManifest_Generation = YES;
				INFOPLIST_KEY_UIApplicationSupportsIndirectInputEvents = YES;
				INFOPLIST_KEY_UILaunchScreen_Generation = YES;
				INFOPLIST_KEY_UISupportedInterfaceOrientations_iPad = "UIInterfaceOrientationPortrait UIInterfaceOrientationPortraitUpsideDown UIInterfaceOrientationLandscapeLeft UIInterfaceOrientationLandscapeRight";
				INFOPLIST_KEY_UISupportedInterfaceOrientations_iPhone = "UIInterfaceOrientationPortrait UIInterfaceOrientationLandscapeLeft UIInterfaceOrientationLandscapeRight";
				LD_RUNPATH_SEARCH_PATHS = (
					"$(inherited)",
					"@executable_path/Frameworks",
				);
				MARKETING_VERSION = 1.0;
				PRODUCT_BUNDLE_IDENTIFIER = "bennett.New-Habit-Tracking";
				PRODUCT_NAME = "$(TARGET_NAME)";
				SWIFT_EMIT_LOC_STRINGS = YES;
				SWIFT_VERSION = 5.0;
				TARGETED_DEVICE_FAMILY = "1,2";
			};
			name = Release;
		};
		CF22A0C62C6FB69C000FDA12 /* Debug */ = {
			isa = XCBuildConfiguration;
			buildSettings = {
				ALWAYS_EMBED_SWIFT_STANDARD_LIBRARIES = YES;
				BUNDLE_LOADER = "$(TEST_HOST)";
				CODE_SIGN_STYLE = Automatic;
				CURRENT_PROJECT_VERSION = 1;
				GENERATE_INFOPLIST_FILE = YES;
				IPHONEOS_DEPLOYMENT_TARGET = 17.5;
				MARKETING_VERSION = 1.0;
				PRODUCT_BUNDLE_IDENTIFIER = "bennett.New-Habit-TrackingTests";
				PRODUCT_NAME = "$(TARGET_NAME)";
				SWIFT_EMIT_LOC_STRINGS = NO;
				SWIFT_VERSION = 5.0;
				TARGETED_DEVICE_FAMILY = "1,2";
				TEST_HOST = "$(BUILT_PRODUCTS_DIR)/New Habit Tracking.app/$(BUNDLE_EXECUTABLE_FOLDER_PATH)/New Habit Tracking";
			};
			name = Debug;
		};
		CF22A0C72C6FB69C000FDA12 /* Release */ = {
			isa = XCBuildConfiguration;
			buildSettings = {
				ALWAYS_EMBED_SWIFT_STANDARD_LIBRARIES = YES;
				BUNDLE_LOADER = "$(TEST_HOST)";
				CODE_SIGN_STYLE = Automatic;
				CURRENT_PROJECT_VERSION = 1;
				GENERATE_INFOPLIST_FILE = YES;
				IPHONEOS_DEPLOYMENT_TARGET = 17.5;
				MARKETING_VERSION = 1.0;
				PRODUCT_BUNDLE_IDENTIFIER = "bennett.New-Habit-TrackingTests";
				PRODUCT_NAME = "$(TARGET_NAME)";
				SWIFT_EMIT_LOC_STRINGS = NO;
				SWIFT_VERSION = 5.0;
				TARGETED_DEVICE_FAMILY = "1,2";
				TEST_HOST = "$(BUILT_PRODUCTS_DIR)/New Habit Tracking.app/$(BUNDLE_EXECUTABLE_FOLDER_PATH)/New Habit Tracking";
			};
			name = Release;
		};
		CF22A0C92C6FB69C000FDA12 /* Debug */ = {
			isa = XCBuildConfiguration;
			buildSettings = {
				ALWAYS_EMBED_SWIFT_STANDARD_LIBRARIES = YES;
				CODE_SIGN_STYLE = Automatic;
				CURRENT_PROJECT_VERSION = 1;
				GENERATE_INFOPLIST_FILE = YES;
				MARKETING_VERSION = 1.0;
				PRODUCT_BUNDLE_IDENTIFIER = "bennett.New-Habit-TrackingUITests";
				PRODUCT_NAME = "$(TARGET_NAME)";
				SWIFT_EMIT_LOC_STRINGS = NO;
				SWIFT_VERSION = 5.0;
				TARGETED_DEVICE_FAMILY = "1,2";
				TEST_TARGET_NAME = "New Habit Tracking";
			};
			name = Debug;
		};
		CF22A0CA2C6FB69C000FDA12 /* Release */ = {
			isa = XCBuildConfiguration;
			buildSettings = {
				ALWAYS_EMBED_SWIFT_STANDARD_LIBRARIES = YES;
				CODE_SIGN_STYLE = Automatic;
				CURRENT_PROJECT_VERSION = 1;
				GENERATE_INFOPLIST_FILE = YES;
				MARKETING_VERSION = 1.0;
				PRODUCT_BUNDLE_IDENTIFIER = "bennett.New-Habit-TrackingUITests";
				PRODUCT_NAME = "$(TARGET_NAME)";
				SWIFT_EMIT_LOC_STRINGS = NO;
				SWIFT_VERSION = 5.0;
				TARGETED_DEVICE_FAMILY = "1,2";
				TEST_TARGET_NAME = "New Habit Tracking";
			};
			name = Release;
		};
/* End XCBuildConfiguration section */

/* Begin XCConfigurationList section */
		CF22A0992C6FB69B000FDA12 /* Build configuration list for PBXProject "New Habit Tracking" */ = {
			isa = XCConfigurationList;
			buildConfigurations = (
				CF22A0C02C6FB69C000FDA12 /* Debug */,
				CF22A0C12C6FB69C000FDA12 /* Release */,
			);
			defaultConfigurationIsVisible = 0;
			defaultConfigurationName = Release;
		};
		CF22A0C22C6FB69C000FDA12 /* Build configuration list for PBXNativeTarget "New Habit Tracking" */ = {
			isa = XCConfigurationList;
			buildConfigurations = (
				CF22A0C32C6FB69C000FDA12 /* Debug */,
				CF22A0C42C6FB69C000FDA12 /* Release */,
			);
			defaultConfigurationIsVisible = 0;
			defaultConfigurationName = Release;
		};
		CF22A0C52C6FB69C000FDA12 /* Build configuration list for PBXNativeTarget "New Habit TrackingTests" */ = {
			isa = XCConfigurationList;
			buildConfigurations = (
				CF22A0C62C6FB69C000FDA12 /* Debug */,
				CF22A0C72C6FB69C000FDA12 /* Release */,
			);
			defaultConfigurationIsVisible = 0;
			defaultConfigurationName = Release;
		};
		CF22A0C82C6FB69C000FDA12 /* Build configuration list for PBXNativeTarget "New Habit TrackingUITests" */ = {
			isa = XCConfigurationList;
			buildConfigurations = (
				CF22A0C92C6FB69C000FDA12 /* Debug */,
				CF22A0CA2C6FB69C000FDA12 /* Release */,
			);
			defaultConfigurationIsVisible = 0;
			defaultConfigurationName = Release;
		};
/* End XCConfigurationList section */
	};
	rootObject = CF22A0962C6FB69B000FDA12 /* Project object */;
}
